// !$*UTF8*$!
{
	archiveVersion = 1;
	classes = {
	};
	objectVersion = 46;
	objects = {

/* Begin PBXBuildFile section */
		37D5AFF21C76BD1200DCA7C1 /* AppDelegate.swift in Sources */ = {isa = PBXBuildFile; fileRef = 37D5AFF11C76BD1200DCA7C1 /* AppDelegate.swift */; };
		37D5AFF41C76BD1200DCA7C1 /* ViewController.swift in Sources */ = {isa = PBXBuildFile; fileRef = 37D5AFF31C76BD1200DCA7C1 /* ViewController.swift */; };
		37D5AFF71C76BD1200DCA7C1 /* Main.storyboard in Resources */ = {isa = PBXBuildFile; fileRef = 37D5AFF51C76BD1200DCA7C1 /* Main.storyboard */; };
		37D5AFF91C76BD1200DCA7C1 /* Assets.xcassets in Resources */ = {isa = PBXBuildFile; fileRef = 37D5AFF81C76BD1200DCA7C1 /* Assets.xcassets */; };
		37D5AFFC1C76BD1200DCA7C1 /* LaunchScreen.storyboard in Resources */ = {isa = PBXBuildFile; fileRef = 37D5AFFA1C76BD1200DCA7C1 /* LaunchScreen.storyboard */; };
		37D5B0041C76C26D00DCA7C1 /* Server.swift in Sources */ = {isa = PBXBuildFile; fileRef = 37D5B0031C76C26D00DCA7C1 /* Server.swift */; };
		37D5B0061C76C2AF00DCA7C1 /* Venue.swift in Sources */ = {isa = PBXBuildFile; fileRef = 37D5B0051C76C2AF00DCA7C1 /* Venue.swift */; };
/* End PBXBuildFile section */

/* Begin PBXFileReference section */
		37D5AFEE1C76BD1200DCA7C1 /* Map Test.app */ = {isa = PBXFileReference; explicitFileType = wrapper.application; includeInIndex = 0; path = "Map Test.app"; sourceTree = BUILT_PRODUCTS_DIR; };
		37D5AFF11C76BD1200DCA7C1 /* AppDelegate.swift */ = {isa = PBXFileReference; lastKnownFileType = sourcecode.swift; path = AppDelegate.swift; sourceTree = "<group>"; };
		37D5AFF31C76BD1200DCA7C1 /* ViewController.swift */ = {isa = PBXFileReference; lastKnownFileType = sourcecode.swift; path = ViewController.swift; sourceTree = "<group>"; };
		37D5AFF61C76BD1200DCA7C1 /* Base */ = {isa = PBXFileReference; lastKnownFileType = file.storyboard; name = Base; path = Base.lproj/Main.storyboard; sourceTree = "<group>"; };
		37D5AFF81C76BD1200DCA7C1 /* Assets.xcassets */ = {isa = PBXFileReference; lastKnownFileType = folder.assetcatalog; path = Assets.xcassets; sourceTree = "<group>"; };
		37D5AFFB1C76BD1200DCA7C1 /* Base */ = {isa = PBXFileReference; lastKnownFileType = file.storyboard; name = Base; path = Base.lproj/LaunchScreen.storyboard; sourceTree = "<group>"; };
		37D5AFFD1C76BD1200DCA7C1 /* Info.plist */ = {isa = PBXFileReference; lastKnownFileType = text.plist.xml; path = Info.plist; sourceTree = "<group>"; };
		37D5B0031C76C26D00DCA7C1 /* Server.swift */ = {isa = PBXFileReference; fileEncoding = 4; lastKnownFileType = sourcecode.swift; path = Server.swift; sourceTree = "<group>"; };
		37D5B0051C76C2AF00DCA7C1 /* Venue.swift */ = {isa = PBXFileReference; fileEncoding = 4; lastKnownFileType = sourcecode.swift; path = Venue.swift; sourceTree = "<group>"; };
/* End PBXFileReference section */

/* Begin PBXFrameworksBuildPhase section */
		37D5AFEB1C76BD1200DCA7C1 /* Frameworks */ = {
			isa = PBXFrameworksBuildPhase;
			buildActionMask = 2147483647;
			files = (
			);
			runOnlyForDeploymentPostprocessing = 0;
		};
/* End PBXFrameworksBuildPhase section */

/* Begin PBXGroup section */
		37D5AFE51C76BD1200DCA7C1 = {
			isa = PBXGroup;
			children = (
				37D5AFF01C76BD1200DCA7C1 /* Map Test */,
				37D5AFEF1C76BD1200DCA7C1 /* Products */,
			);
			sourceTree = "<group>";
		};
		37D5AFEF1C76BD1200DCA7C1 /* Products */ = {
			isa = PBXGroup;
			children = (
				37D5AFEE1C76BD1200DCA7C1 /* Map Test.app */,
			);
			name = Products;
			sourceTree = "<group>";
		};
		37D5AFF01C76BD1200DCA7C1 /* Map Test */ = {
			isa = PBXGroup;
			children = (
				37D5AFF11C76BD1200DCA7C1 /* AppDelegate.swift */,
				37D5AFF31C76BD1200DCA7C1 /* ViewController.swift */,
				37D5B0031C76C26D00DCA7C1 /* Server.swift */,
				37D5B0051C76C2AF00DCA7C1 /* Venue.swift */,
				37D5AFF51C76BD1200DCA7C1 /* Main.storyboard */,
				37D5AFF81C76BD1200DCA7C1 /* Assets.xcassets */,
				37D5AFFA1C76BD1200DCA7C1 /* LaunchScreen.storyboard */,
				37D5AFFD1C76BD1200DCA7C1 /* Info.plist */,
			);
			path = "Map Test";
			sourceTree = "<group>";
		};
/* End PBXGroup section */

/* Begin PBXNativeTarget section */
		37D5AFED1C76BD1200DCA7C1 /* Map Test */ = {
			isa = PBXNativeTarget;
			buildConfigurationList = 37D5B0001C76BD1200DCA7C1 /* Build configuration list for PBXNativeTarget "Map Test" */;
			buildPhases = (
				37D5AFEA1C76BD1200DCA7C1 /* Sources */,
				37D5AFEB1C76BD1200DCA7C1 /* Frameworks */,
				37D5AFEC1C76BD1200DCA7C1 /* Resources */,
			);
			buildRules = (
			);
			dependencies = (
			);
			name = "Map Test";
			productName = "Map Test";
			productReference = 37D5AFEE1C76BD1200DCA7C1 /* Map Test.app */;
			productType = "com.apple.product-type.application";
		};
/* End PBXNativeTarget section */

/* Begin PBXProject section */
		37D5AFE61C76BD1200DCA7C1 /* Project object */ = {
			isa = PBXProject;
			attributes = {
				LastSwiftUpdateCheck = 0710;
				LastUpgradeCheck = 0710;
				ORGANIZATIONNAME = "Greg Hochsprung";
				TargetAttributes = {
					37D5AFED1C76BD1200DCA7C1 = {
						CreatedOnToolsVersion = 7.1;
					};
				};
			};
			buildConfigurationList = 37D5AFE91C76BD1200DCA7C1 /* Build configuration list for PBXProject "Map Test" */;
			compatibilityVersion = "Xcode 3.2";
			developmentRegion = English;
			hasScannedForEncodings = 0;
			knownRegions = (
				en,
				Base,
			);
			mainGroup = 37D5AFE51C76BD1200DCA7C1;
			productRefGroup = 37D5AFEF1C76BD1200DCA7C1 /* Products */;
			projectDirPath = "";
			projectRoot = "";
			targets = (
				37D5AFED1C76BD1200DCA7C1 /* Map Test */,
			);
		};
/* End PBXProject section */

/* Begin PBXResourcesBuildPhase section */
		37D5AFEC1C76BD1200DCA7C1 /* Resources */ = {
			isa = PBXResourcesBuildPhase;
			buildActionMask = 2147483647;
			files = (
				37D5AFFC1C76BD1200DCA7C1 /* LaunchScreen.storyboard in Resources */,
				37D5AFF91C76BD1200DCA7C1 /* Assets.xcassets in Resources */,
				37D5AFF71C76BD1200DCA7C1 /* Main.storyboard in Resources */,
			);
			runOnlyForDeploymentPostprocessing = 0;
		};
/* End PBXResourcesBuildPhase section */

/* Begin PBXSourcesBuildPhase section */
		37D5AFEA1C76BD1200DCA7C1 /* Sources */ = {
			isa = PBXSourcesBuildPhase;
			buildActionMask = 2147483647;
			files = (
				37D5AFF41C76BD1200DCA7C1 /* ViewController.swift in Sources */,
				37D5B0061C76C2AF00DCA7C1 /* Venue.swift in Sources */,
				37D5B0041C76C26D00DCA7C1 /* Server.swift in Sources */,
				37D5AFF21C76BD1200DCA7C1 /* AppDelegate.swift in Sources */,
			);
			runOnlyForDeploymentPostprocessing = 0;
		};
/* End PBXSourcesBuildPhase section */

/* Begin PBXVariantGroup section */
		37D5AFF51C76BD1200DCA7C1 /* Main.storyboard */ = {
			isa = PBXVariantGroup;
			children = (
				37D5AFF61C76BD1200DCA7C1 /* Base */,
			);
			name = Main.storyboard;
			sourceTree = "<group>";
		};
		37D5AFFA1C76BD1200DCA7C1 /* LaunchScreen.storyboard */ = {
			isa = PBXVariantGroup;
			children = (
				37D5AFFB1C76BD1200DCA7C1 /* Base */,
			);
			name = LaunchScreen.storyboard;
			sourceTree = "<group>";
		};
/* End PBXVariantGroup section */

/* Begin XCBuildConfiguration section */
		37D5AFFE1C76BD1200DCA7C1 /* Debug */ = {
			isa = XCBuildConfiguration;
			buildSettings = {
				ALWAYS_SEARCH_USER_PATHS = NO;
				CLANG_CXX_LANGUAGE_STANDARD = "gnu++0x";
				CLANG_CXX_LIBRARY = "libc++";
				CLANG_ENABLE_MODULES = YES;
				CLANG_ENABLE_OBJC_ARC = YES;
				CLANG_WARN_BOOL_CONVERSION = YES;
				CLANG_WARN_CONSTANT_CONVERSION = YES;
				CLANG_WARN_DIRECT_OBJC_ISA_USAGE = YES_ERROR;
				CLANG_WARN_EMPTY_BODY = YES;
				CLANG_WARN_ENUM_CONVERSION = YES;
				CLANG_WARN_INT_CONVERSION = YES;
				CLANG_WARN_OBJC_ROOT_CLASS = YES_ERROR;
				CLANG_WARN_UNREACHABLE_CODE = YES;
				CLANG_WARN__DUPLICATE_METHOD_MATCH = YES;
				"CODE_SIGN_IDENTITY[sdk=iphoneos*]" = "iPhone Developer";
				COPY_PHASE_STRIP = NO;
				DEBUG_INFORMATION_FORMAT = dwarf;
				ENABLE_STRICT_OBJC_MSGSEND = YES;
				ENABLE_TESTABILITY = YES;
				GCC_C_LANGUAGE_STANDARD = gnu99;
				GCC_DYNAMIC_NO_PIC = NO;
				GCC_NO_COMMON_BLOCKS = YES;
				GCC_OPTIMIZATION_LEVEL = 0;
				GCC_PREPROCESSOR_DEFINITIONS = (
					"DEBUG=1",
					"$(inherited)",
				);
				GCC_WARN_64_TO_32_BIT_CONVERSION = YES;
				GCC_WARN_ABOUT_RETURN_TYPE = YES_ERROR;
				GCC_WARN_UNDECLARED_SELECTOR = YES;
				GCC_WARN_UNINITIALIZED_AUTOS = YES_AGGRESSIVE;
				GCC_WARN_UNUSED_FUNCTION = YES;
				GCC_WARN_UNUSED_VARIABLE = YES;
				IPHONEOS_DEPLOYMENT_TARGET = 9.1;
				MTL_ENABLE_DEBUG_INFO = YES;
				ONLY_ACTIVE_ARCH = YES;
				SDKROOT = iphoneos;
				SWIFT_OPTIMIZATION_LEVEL = "-Onone";
				TARGETED_DEVICE_FAMILY = "1,2";
			};
			name = Debug;
		};
		37D5AFFF1C76BD1200DCA7C1 /* Release */ = {
			isa = XCBuildConfiguration;
			buildSettings = {
				ALWAYS_SEARCH_USER_PATHS = NO;
				CLANG_CXX_LANGUAGE_STANDARD = "gnu++0x";
				CLANG_CXX_LIBRARY = "libc++";
				CLANG_ENABLE_MODULES = YES;
				CLANG_ENABLE_OBJC_ARC = YES;
				CLANG_WARN_BOOL_CONVERSION = YES;
				CLANG_WARN_CONSTANT_CONVERSION = YES;
				CLANG_WARN_DIRECT_OBJC_ISA_USAGE = YES_ERROR;
				CLANG_WARN_EMPTY_BODY = YES;
				CLANG_WARN_ENUM_CONVERSION = YES;
				CLANG_WARN_INT_CONVERSION = YES;
				CLANG_WARN_OBJC_ROOT_CLASS = YES_ERROR;
				CLANG_WARN_UNREACHABLE_CODE = YES;
				CLANG_WARN__DUPLICATE_METHOD_MATCH = YES;
				"CODE_SIGN_IDENTITY[sdk=iphoneos*]" = "iPhone Developer";
				COPY_PHASE_STRIP = NO;
				DEBUG_INFORMATION_FORMAT = "dwarf-with-dsym";
				ENABLE_NS_ASSERTIONS = NO;
				ENABLE_STRICT_OBJC_MSGSEND = YES;
				GCC_C_LANGUAGE_STANDARD = gnu99;
				GCC_NO_COMMON_BLOCKS = YES;
				GCC_WARN_64_TO_32_BIT_CONVERSION = YES;
				GCC_WARN_ABOUT_RETURN_TYPE = YES_ERROR;
				GCC_WARN_UNDECLARED_SELECTOR = YES;
				GCC_WARN_UNINITIALIZED_AUTOS = YES_AGGRESSIVE;
				GCC_WARN_UNUSED_FUNCTION = YES;
				GCC_WARN_UNUSED_VARIABLE = YES;
				IPHONEOS_DEPLOYMENT_TARGET = 9.1;
				MTL_ENABLE_DEBUG_INFO = NO;
				SDKROOT = iphoneos;
				TARGETED_DEVICE_FAMILY = "1,2";
				VALIDATE_PRODUCT = YES;
			};
			name = Release;
		};
		37D5B0011C76BD1200DCA7C1 /* Debug */ = {
			isa = XCBuildConfiguration;
			buildSettings = {
				ASSETCATALOG_COMPILER_APPICON_NAME = AppIcon;
				INFOPLIST_FILE = "Map Test/Info.plist";
				LD_RUNPATH_SEARCH_PATHS = "$(inherited) @executable_path/Frameworks";
				PRODUCT_BUNDLE_IDENTIFIER = "com.greghochsprung.Map-Test";
				PRODUCT_NAME = "$(TARGET_NAME)";
			};
			name = Debug;
		};
		37D5B0021C76BD1200DCA7C1 /* Release */ = {
			isa = XCBuildConfiguration;
			buildSettings = {
				ASSETCATALOG_COMPILER_APPICON_NAME = AppIcon;
				INFOPLIST_FILE = "Map Test/Info.plist";
				LD_RUNPATH_SEARCH_PATHS = "$(inherited) @executable_path/Frameworks";
				PRODUCT_BUNDLE_IDENTIFIER = "com.greghochsprung.Map-Test";
				PRODUCT_NAME = "$(TARGET_NAME)";
			};
			name = Release;
		};
/* End XCBuildConfiguration section */

/* Begin XCConfigurationList section */
		37D5AFE91C76BD1200DCA7C1 /* Build configuration list for PBXProject "Map Test" */ = {
			isa = XCConfigurationList;
			buildConfigurations = (
				37D5AFFE1C76BD1200DCA7C1 /* Debug */,
				37D5AFFF1C76BD1200DCA7C1 /* Release */,
			);
			defaultConfigurationIsVisible = 0;
			defaultConfigurationName = Release;
		};
		37D5B0001C76BD1200DCA7C1 /* Build configuration list for PBXNativeTarget "Map Test" */ = {
			isa = XCConfigurationList;
			buildConfigurations = (
				37D5B0011C76BD1200DCA7C1 /* Debug */,
				37D5B0021C76BD1200DCA7C1 /* Release */,
			);
			defaultConfigurationIsVisible = 0;
		};
/* End XCConfigurationList section */
	};
	rootObject = 37D5AFE61C76BD1200DCA7C1 /* Project object */;
}
